// designed by: Claude
// master. Giza's counterweight: the zipline takes you down only empty
// handed, and the lift opens from below. Weigh it down there, then bring the other stone by lift.

in -- gallery
gallery >> chamber
gallery -[low]- chamber
chamber -[q+low]- out
low plate @chamber
q plate @chamber
ledge plate @gallery stone
niche plate @chamber stone
gallery *
